
Microsoft Visual Studio Solution File, Format Version 12.00
# Visual Studio Version 16
VisualStudioVersion = 16.0.29411.108
MinimumVisualStudioVersion = 10.0.40219.1
Project("{FAE04EC0-301F-11D3-BF4B-00C04F79EFBC}") = "FIRSTOBJECT", "FIRSTOBJECT\FIRSTOBJECT.csproj", "{97E4AA84-E4EB-43AB-98E2-DEC7DD5910C5}"
EndProject
Global
	GlobalSection(SolutionConfigurationPlatforms) = preSolution
		Debug|Any CPU = Debug|Any CPU
		Release|Any CPU = Release|Any CPU
	EndGlobalSection
	GlobalSection(ProjectConfigurationPlatforms) = postSolution
		{97E4AA84-E4EB-43AB-98E2-DEC7DD5910C5}.Debug|Any CPU.ActiveCfg = Debug|Any CPU
		{97E4AA84-E4EB-43AB-98E2-DEC7DD5910C5}.Debug|Any CPU.Build.0 = Debug|Any CPU
		{97E4AA84-E4EB-43AB-98E2-DEC7DD5910C5}.Release|Any CPU.ActiveCfg = Release|Any CPU
		{97E4AA84-E4EB-43AB-98E2-DEC7DD5910C5}.Release|Any CPU.Build.0 = Release|Any CPU
	EndGlobalSection
	GlobalSection(SolutionProperties) = preSolution
		HideSolutionNode = FALSE
	EndGlobalSection
	GlobalSection(ExtensibilityGlobals) = postSolution
		SolutionGuid = {80C32FE5-3BB5-47D6-A7AD-709F7BF5A8A5}
	EndGlobalSection
EndGlobal
